{
  "name": "dnm",
  "version": "2.0.0",
  "lockfileVersion": 3,
  "requires": true,
  "packages": {
    "": {
      "name": "dnm",
      "version": "2.0.0",
      "license": "MIT",
      "bin": {
        "dnm": "js/cli.js"
      },
      "devDependencies": {},
      "engines": {
        "node": ">=14.0.0"
      }
    }
  }
}
